
Microsoft Visual Studio Solution File, Format Version 12.00
# Visual Studio Version 16
VisualStudioVersion = 16.0.31105.61
MinimumVisualStudioVersion = 10.0.40219.1
Project("{9A19103F-16F7-4668-BE54-9A1E7A4F7556}") = "LearnApps.Server", "Server\LearnApps.Server.csproj", "{2128F9DA-2AB1-4D65-AB13-A4B05E870A2F}"
EndProject
Project("{9A19103F-16F7-4668-BE54-9A1E7A4F7556}") = "LearnApps.Client", "Client\LearnApps.Client.csproj", "{BFE151CB-2956-4070-8311-08B4B328EBA5}"
EndProject
Project("{9A19103F-16F7-4668-BE54-9A1E7A4F7556}") = "LearnApps.Shared", "Shared\LearnApps.Shared.csproj", "{3B47D1C9-D7EC-4AC2-A520-9FC2D1AED9D7}"
EndProject
Global
	GlobalSection(SolutionConfigurationPlatforms) = preSolution
		Debug|Any CPU = Debug|Any CPU
		Release|Any CPU = Release|Any CPU
	EndGlobalSection
	GlobalSection(ProjectConfigurationPlatforms) = postSolution
		{2128F9DA-2AB1-4D65-AB13-A4B05E870A2F}.Debug|Any CPU.ActiveCfg = Debug|Any CPU
		{2128F9DA-2AB1-4D65-AB13-A4B05E870A2F}.Debug|Any CPU.Build.0 = Debug|Any CPU
		{2128F9DA-2AB1-4D65-AB13-A4B05E870A2F}.Release|Any CPU.ActiveCfg = Release|Any CPU
		{2128F9DA-2AB1-4D65-AB13-A4B05E870A2F}.Release|Any CPU.Build.0 = Release|Any CPU
		{BFE151CB-2956-4070-8311-08B4B328EBA5}.Debug|Any CPU.ActiveCfg = Debug|Any CPU
		{BFE151CB-2956-4070-8311-08B4B328EBA5}.Debug|Any CPU.Build.0 = Debug|Any CPU
		{BFE151CB-2956-4070-8311-08B4B328EBA5}.Release|Any CPU.ActiveCfg = Release|Any CPU
		{BFE151CB-2956-4070-8311-08B4B328EBA5}.Release|Any CPU.Build.0 = Release|Any CPU
		{3B47D1C9-D7EC-4AC2-A520-9FC2D1AED9D7}.Debug|Any CPU.ActiveCfg = Debug|Any CPU
		{3B47D1C9-D7EC-4AC2-A520-9FC2D1AED9D7}.Debug|Any CPU.Build.0 = Debug|Any CPU
		{3B47D1C9-D7EC-4AC2-A520-9FC2D1AED9D7}.Release|Any CPU.ActiveCfg = Release|Any CPU
		{3B47D1C9-D7EC-4AC2-A520-9FC2D1AED9D7}.Release|Any CPU.Build.0 = Release|Any CPU
	EndGlobalSection
	GlobalSection(SolutionProperties) = preSolution
		HideSolutionNode = FALSE
	EndGlobalSection
	GlobalSection(ExtensibilityGlobals) = postSolution
		SolutionGuid = {06D35C37-6149-4AA7-A3F3-BE729FF000B4}
	EndGlobalSection
EndGlobal
